
Microsoft Visual Studio Solution File, Format Version 12.00
# Visual Studio Version 17
VisualStudioVersion = 17.5.33516.290
MinimumVisualStudioVersion = 10.0.40219.1
Project("{FAE04EC0-301F-11D3-BF4B-00C04F79EFBC}") = "MailBox", "MailBox\MailBox.csproj", "{DF1FA801-54F8-43C0-9220-3E41EF1F628B}"
EndProject
Project("{FAE04EC0-301F-11D3-BF4B-00C04F79EFBC}") = "MailBoxReq2", "MailBoxReq2\MailBoxReq2.csproj", "{502EA469-DFCF-40C9-A523-B28621387EEE}"
EndProject
Global
	GlobalSection(SolutionConfigurationPlatforms) = preSolution
		Debug|Any CPU = Debug|Any CPU
		Release|Any CPU = Release|Any CPU
	EndGlobalSection
	GlobalSection(ProjectConfigurationPlatforms) = postSolution
		{DF1FA801-54F8-43C0-9220-3E41EF1F628B}.Debug|Any CPU.ActiveCfg = Debug|Any CPU
		{DF1FA801-54F8-43C0-9220-3E41EF1F628B}.Debug|Any CPU.Build.0 = Debug|Any CPU
		{DF1FA801-54F8-43C0-9220-3E41EF1F628B}.Release|Any CPU.ActiveCfg = Release|Any CPU
		{DF1FA801-54F8-43C0-9220-3E41EF1F628B}.Release|Any CPU.Build.0 = Release|Any CPU
		{502EA469-DFCF-40C9-A523-B28621387EEE}.Debug|Any CPU.ActiveCfg = Debug|Any CPU
		{502EA469-DFCF-40C9-A523-B28621387EEE}.Debug|Any CPU.Build.0 = Debug|Any CPU
		{502EA469-DFCF-40C9-A523-B28621387EEE}.Release|Any CPU.ActiveCfg = Release|Any CPU
		{502EA469-DFCF-40C9-A523-B28621387EEE}.Release|Any CPU.Build.0 = Release|Any CPU
	EndGlobalSection
	GlobalSection(SolutionProperties) = preSolution
		HideSolutionNode = FALSE
	EndGlobalSection
	GlobalSection(ExtensibilityGlobals) = postSolution
		SolutionGuid = {F3D9FE30-DC32-4E93-8553-6BEA139B183F}
	EndGlobalSection
EndGlobal
